
Microsoft Visual Studio Solution File, Format Version 12.00
# Visual Studio Version 16
VisualStudioVersion = 16.0.29503.13
MinimumVisualStudioVersion = 10.0.40219.1
Project("{9A19103F-16F7-4668-BE54-9A1E7A4F7556}") = "NotifySMSToLine", "NotifySMSToLine\NotifySMSToLine.csproj", "{9DB9C055-4922-4430-90AD-2CA7A4634612}"
EndProject
Global
	GlobalSection(SolutionConfigurationPlatforms) = preSolution
		Debug|Any CPU = Debug|Any CPU
		Release|Any CPU = Release|Any CPU
	EndGlobalSection
	GlobalSection(ProjectConfigurationPlatforms) = postSolution
		{9DB9C055-4922-4430-90AD-2CA7A4634612}.Debug|Any CPU.ActiveCfg = Debug|Any CPU
		{9DB9C055-4922-4430-90AD-2CA7A4634612}.Debug|Any CPU.Build.0 = Debug|Any CPU
		{9DB9C055-4922-4430-90AD-2CA7A4634612}.Release|Any CPU.ActiveCfg = Release|Any CPU
		{9DB9C055-4922-4430-90AD-2CA7A4634612}.Release|Any CPU.Build.0 = Release|Any CPU
	EndGlobalSection
	GlobalSection(SolutionProperties) = preSolution
		HideSolutionNode = FALSE
	EndGlobalSection
	GlobalSection(ExtensibilityGlobals) = postSolution
		SolutionGuid = {65D384F5-82A5-4AF0-A708-89C74EEF3003}
	EndGlobalSection
EndGlobal
